{
  "version": "3",
  "packages": {
    "specifiers": {
      "jsr:@std/assert@^0.225.2": "jsr:@std/assert@0.225.3",
      "jsr:@std/assert@^0.225.3": "jsr:@std/assert@0.225.3",
      "jsr:@std/async": "jsr:@std/async@0.224.1",
      "jsr:@std/fs": "jsr:@std/fs@0.229.1",
      "jsr:@std/path": "jsr:@std/path@0.225.1",
      "jsr:@std/path@^0.225.1": "jsr:@std/path@0.225.1"
    },
    "jsr": {
      "@std/assert@0.225.3": {
        "integrity": "b3c2847aecf6955b50644cdb9cf072004ea3d1998dd7579fc0acb99dbb23bd4f"
      },
      "@std/async@0.224.1": {
        "integrity": "2fda2c8151cc5811a6ca37fe825f1f71c95e02a374abb6ef868e0e19eca814a5",
        "dependencies": [
          "jsr:@std/assert@^0.225.3"
        ]
      },
      "@std/fs@0.229.1": {
        "integrity": "38d3fb31f0ca0a8c1118e039939188f32e291a3f7f17dc0868fec22024bdfadd",
        "dependencies": [
          "jsr:@std/path@^0.225.1"
        ]
      },
      "@std/path@0.225.1": {
        "integrity": "8c3220635a73730eb51fe43de9e10b79e2724a5bb8638b9355d35ae012fd9429",
        "dependencies": [
          "jsr:@std/assert@^0.225.2"
        ]
      }
    }
  },
  "remote": {},
  "workspace": {
    "dependencies": [
      "jsr:@std/fs@^0.229.1"
    ]
  }
}
